<?xml version="1.0" encoding="utf-8"?>
<Project ToolsVersion="4.0" xmlns="http://schemas.microsoft.com/developer/msbuild/2003">
  <ItemGroup>
    <Filter Include="Source Dateien">
      <UniqueIdentifier>{4FC737F1-C7A5-4376-A066-2A32D752A2FF}</UniqueIdentifier>
      <Extensions>cpp;cxx;c;def</Extensions>
    </Filter>
    <Filter Include="Header Dateien">
      <UniqueIdentifier>{93995380-89BD-4b04-88EB-625FBE52EBFB}</UniqueIdentifier>
      <Extensions>h</Extensions>
    </Filter>
    <Filter Include="Form Dateien">
      <UniqueIdentifier>{99349809-55BA-4b9d-BF79-8FDBB0286EB3}</UniqueIdentifier>
      <Extensions>ui</Extensions>
    </Filter>
    <Filter Include="Resource Dateien">
      <UniqueIdentifier>{D9D6E242-F8AF-46E4-B9FD-80ECBC20BA3E}</UniqueIdentifier>
      <Extensions>qrc;*</Extensions>
      <ParseFiles>false</ParseFiles>
    </Filter>
    <Filter Include="Generierte Dateien">
      <UniqueIdentifier>{71ED8ED8-ACB9-4CE9-BBE1-E00B30144E11}</UniqueIdentifier>
      <Extensions>moc;h;cpp</Extensions>
      <SourceControlFiles>False</SourceControlFiles>
    </Filter>
    <Filter Include="Generierte Dateien\Debug">
      <UniqueIdentifier>{a2537728-5b44-46e9-b841-b5a5d7e13f88}</UniqueIdentifier>
      <Extensions>cpp;moc</Extensions>
      <SourceControlFiles>False</SourceControlFiles>
    </Filter>
    <Filter Include="Generierte Dateien\Release">
      <UniqueIdentifier>{bd105cb2-e1ca-45c0-b357-7acb27388cb4}</UniqueIdentifier>
      <Extensions>cpp;moc</Extensions>
      <SourceControlFiles>False</SourceControlFiles>
    </Filter>
    <Filter Include="Header Dateien\MonteCrystal">
      <UniqueIdentifier>{e94d689e-e1cc-4613-b69f-bf3dd4d630b7}</UniqueIdentifier>
    </Filter>
    <Filter Include="Header Dateien\MonteCrystal\Energy">
      <UniqueIdentifier>{f2f8505f-e781-4dd2-b83a-d7bc787c74d5}</UniqueIdentifier>
    </Filter>
    <Filter Include="Header Dateien\MonteCrystal\Measurement">
      <UniqueIdentifier>{039297b4-3398-448e-9f4c-49354767e32c}</UniqueIdentifier>
    </Filter>
    <Filter Include="Header Dateien\MonteCrystal\RandomGenerator">
      <UniqueIdentifier>{db2e1252-2931-4d26-906b-626f15ae4578}</UniqueIdentifier>
    </Filter>
    <Filter Include="Header Dateien\MonteCrystal\System">
      <UniqueIdentifier>{7ab48ec7-2cd9-43f1-84f7-052f7d06ab2b}</UniqueIdentifier>
    </Filter>
    <Filter Include="Header Dateien\MonteCrystal\Tools">
      <UniqueIdentifier>{66c501ec-030e-4a94-908c-9617448b4ded}</UniqueIdentifier>
    </Filter>
    <Filter Include="Source Dateien\MonteCrystal">
      <UniqueIdentifier>{1e21ae47-5167-4509-a886-14c627bdd6a2}</UniqueIdentifier>
    </Filter>
    <Filter Include="Source Dateien\MonteCrystal\Energy">
      <UniqueIdentifier>{0372b7e7-f3c7-498c-b54f-ab9ea377dff7}</UniqueIdentifier>
    </Filter>
    <Filter Include="Source Dateien\MonteCrystal\Measurement">
      <UniqueIdentifier>{d4239d11-a2c1-4b75-8839-2b4a0ee0a7e3}</UniqueIdentifier>
    </Filter>
    <Filter Include="Source Dateien\MonteCrystal\System">
      <UniqueIdentifier>{073e63d4-2b1b-4e78-b9fc-1a82109e9833}</UniqueIdentifier>
    </Filter>
    <Filter Include="Source Dateien\MonteCrystal\RandomGenerator">
      <UniqueIdentifier>{c7566dde-6abb-4cc9-8289-c1faccdd9dd6}</UniqueIdentifier>
    </Filter>
    <Filter Include="Source Dateien\MonteCrystal\Tools">
      <UniqueIdentifier>{fef3ad83-ab55-4f0d-bfd1-023b4dcc59aa}</UniqueIdentifier>
    </Filter>
    <Filter Include="Source Dateien\MonteCrystal\SimulationMethods">
      <UniqueIdentifier>{9f66ec71-2d78-4d59-b32f-f7197fccfe1c}</UniqueIdentifier>
    </Filter>
    <Filter Include="Header Dateien\MonteCrystal\SimulationMethods">
      <UniqueIdentifier>{e51969f3-fad7-42fa-9add-5b6cfa7d2c2c}</UniqueIdentifier>
    </Filter>
    <Filter Include="Header Dateien\GUI">
      <UniqueIdentifier>{9fdee12c-6337-4a37-bec8-8f948452642f}</UniqueIdentifier>
    </Filter>
    <Filter Include="Source Dateien\GUI">
      <UniqueIdentifier>{6ad40fa7-b7cc-4e24-91b6-1032fe671e94}</UniqueIdentifier>
    </Filter>
  </ItemGroup>
  <ItemGroup>
    <ClCompile Include="main.cpp">
      <Filter>Source Dateien</Filter>
    </ClCompile>
    <ClCompile Include="GeneratedFiles\qrc_qttest.cpp">
      <Filter>Generierte Dateien</Filter>
    </ClCompile>
    <ClCompile Include="BiquadraticInteraction.cpp">
      <Filter>Source Dateien\MonteCrystal\Energy</Filter>
    </ClCompile>
    <ClCompile Include="DipolarInteraction.cpp">
      <Filter>Source Dateien\MonteCrystal\Energy</Filter>
    </ClCompile>
    <ClCompile Include="DMInteraction.cpp">
      <Filter>Source Dateien\MonteCrystal\Energy</Filter>
    </ClCompile>
    <ClCompile Include="Energy.cpp">
      <Filter>Source Dateien\MonteCrystal\Energy</Filter>
    </ClCompile>
    <ClCompile Include="ExchangeInteraction.cpp">
      <Filter>Source Dateien\MonteCrystal\Energy</Filter>
    </ClCompile>
    <ClCompile Include="FourSpinInteraction.cpp">
      <Filter>Source Dateien\MonteCrystal\Energy</Filter>
    </ClCompile>
    <ClCompile Include="Hamiltonian.cpp">
      <Filter>Source Dateien\MonteCrystal\Energy</Filter>
    </ClCompile>
    <ClCompile Include="ModulatedAnisotropyEnergy.cpp">
      <Filter>Source Dateien\MonteCrystal\Energy</Filter>
    </ClCompile>
    <ClCompile Include="ModulatedExchangeInteraction.cpp">
      <Filter>Source Dateien\MonteCrystal\Energy</Filter>
    </ClCompile>
    <ClCompile Include="Tip.cpp">
      <Filter>Source Dateien\MonteCrystal\Energy</Filter>
    </ClCompile>
    <ClCompile Include="ZeemanEnergy.cpp">
      <Filter>Source Dateien\MonteCrystal\Energy</Filter>
    </ClCompile>
    <ClCompile Include="AbsoluteMagnetisationObservable.cpp">
      <Filter>Source Dateien\MonteCrystal\Measurement</Filter>
    </ClCompile>
    <ClCompile Include="EnergyObservable.cpp">
      <Filter>Source Dateien\MonteCrystal\Measurement</Filter>
    </ClCompile>
    <ClCompile Include="MagnetisationObservable.cpp">
      <Filter>Source Dateien\MonteCrystal\Measurement</Filter>
    </ClCompile>
    <ClCompile Include="Measurement.cpp">
      <Filter>Source Dateien\MonteCrystal\Measurement</Filter>
    </ClCompile>
    <ClCompile Include="Metropolis.cpp">
      <Filter>Source Dateien\MonteCrystal\SimulationMethods</Filter>
    </ClCompile>
    <ClCompile Include="Functions.cpp">
      <Filter>Source Dateien\MonteCrystal\Tools</Filter>
    </ClCompile>
    <ClCompile Include="RanGen.cpp">
      <Filter>Source Dateien\MonteCrystal\RandomGenerator</Filter>
    </ClCompile>
    <ClCompile Include="Lattice.cpp">
      <Filter>Source Dateien\MonteCrystal\System</Filter>
    </ClCompile>
    <ClCompile Include="SpinOrientation.cpp">
      <Filter>Source Dateien\MonteCrystal\System</Filter>
    </ClCompile>
    <ClCompile Include="SpinOrientationHeisenberg.cpp">
      <Filter>Source Dateien\MonteCrystal\System</Filter>
    </ClCompile>
    <ClCompile Include="SpinOrientationHeisenbergRestrictedCone.cpp">
      <Filter>Source Dateien\MonteCrystal\System</Filter>
    </ClCompile>
    <ClCompile Include="SpinOrientationIsing.cpp">
      <Filter>Source Dateien\MonteCrystal\System</Filter>
    </ClCompile>
    <ClCompile Include="WindingNumber.cpp">
      <Filter>Source Dateien\MonteCrystal\Measurement</Filter>
    </ClCompile>
    <ClCompile Include="Configuration.cpp">
      <Filter>Source Dateien\MonteCrystal\Tools</Filter>
    </ClCompile>
    <ClCompile Include="MyMath.cpp">
      <Filter>Source Dateien\MonteCrystal\Tools</Filter>
    </ClCompile>
    <ClCompile Include="Setup.cpp">
      <Filter>Source Dateien\MonteCrystal\Tools</Filter>
    </ClCompile>
    <ClCompile Include="Observable.cpp">
      <Filter>Source Dateien\MonteCrystal\Measurement</Filter>
    </ClCompile>
    <ClCompile Include="GeneratedFiles\Debug\moc_AnisotropyWindow.cpp">
      <Filter>Generierte Dateien\Debug</Filter>
    </ClCompile>
    <ClCompile Include="GeneratedFiles\Release\moc_AnisotropyWindow.cpp">
      <Filter>Generierte Dateien\Release</Filter>
    </ClCompile>
    <ClCompile Include="GeneratedFiles\Debug\moc_MainWindow.cpp">
      <Filter>Generierte Dateien\Debug</Filter>
    </ClCompile>
    <ClCompile Include="GeneratedFiles\Release\moc_MainWindow.cpp">
      <Filter>Generierte Dateien\Release</Filter>
    </ClCompile>
    <ClCompile Include="GeneratedFiles\Debug\moc_OGLWidget.cpp">
      <Filter>Generierte Dateien\Debug</Filter>
    </ClCompile>
    <ClCompile Include="GeneratedFiles\Release\moc_OGLWidget.cpp">
      <Filter>Generierte Dateien\Release</Filter>
    </ClCompile>
    <ClCompile Include="LandauLifshitzGilbert.cpp">
      <Filter>Source Dateien\MonteCrystal\SimulationMethods</Filter>
    </ClCompile>
    <ClCompile Include="GeneratedFiles\Debug\moc_SimulationProgram.cpp">
      <Filter>Generierte Dateien\Debug</Filter>
    </ClCompile>
    <ClCompile Include="GeneratedFiles\Release\moc_SimulationProgram.cpp">
      <Filter>Generierte Dateien\Release</Filter>
    </ClCompile>
    <ClCompile Include="SimulationMethod.cpp">
      <Filter>Source Dateien\MonteCrystal\SimulationMethods</Filter>
    </ClCompile>
    <ClCompile Include="SimulationProgram.cpp">
      <Filter>Source Dateien\MonteCrystal</Filter>
    </ClCompile>
    <ClCompile Include="MainWindow.cpp">
      <Filter>Source Dateien\GUI</Filter>
    </ClCompile>
    <ClCompile Include="OGLWidget.cpp">
      <Filter>Source Dateien\GUI</Filter>
    </ClCompile>
    <ClCompile Include="Shader.cpp">
      <Filter>Source Dateien\GUI</Filter>
    </ClCompile>
    <ClCompile Include="GUILatticeElements.cpp">
      <Filter>Source Dateien\GUI</Filter>
    </ClCompile>
    <ClCompile Include="GUIEnergyElements.cpp">
      <Filter>Source Dateien\GUI</Filter>
    </ClCompile>
    <ClCompile Include="GeneratedFiles\Debug\moc_GUILatticeElements.cpp">
      <Filter>Generierte Dateien\Debug</Filter>
    </ClCompile>
    <ClCompile Include="GeneratedFiles\Release\moc_GUILatticeElements.cpp">
      <Filter>Generierte Dateien\Release</Filter>
    </ClCompile>
    <ClCompile Include="GeneratedFiles\Debug\moc_GUIEnergyElements.cpp">
      <Filter>Generierte Dateien\Debug</Filter>
    </ClCompile>
    <ClCompile Include="GeneratedFiles\Release\moc_GUIEnergyElements.cpp">
      <Filter>Generierte Dateien\Release</Filter>
    </ClCompile>
    <ClCompile Include="GeneratedFiles\Debug\moc_GUISimulationProcedureElements.cpp">
      <Filter>Generierte Dateien\Debug</Filter>
    </ClCompile>
    <ClCompile Include="GeneratedFiles\Release\moc_GUISimulationProcedureElements.cpp">
      <Filter>Generierte Dateien\Release</Filter>
    </ClCompile>
    <ClCompile Include="GUIOutputElements.cpp">
      <Filter>Source Dateien\GUI</Filter>
    </ClCompile>
    <ClCompile Include="GeneratedFiles\Debug\moc_GUIOutputElements.cpp">
      <Filter>Generierte Dateien\Debug</Filter>
    </ClCompile>
    <ClCompile Include="GeneratedFiles\Release\moc_GUIOutputElements.cpp">
      <Filter>Generierte Dateien\Release</Filter>
    </ClCompile>
    <ClCompile Include="GeneratedFiles\Debug\moc_GUIProgramTypeElement.cpp">
      <Filter>Generierte Dateien\Debug</Filter>
    </ClCompile>
    <ClCompile Include="GeneratedFiles\Release\moc_GUIProgramTypeElement.cpp">
      <Filter>Generierte Dateien\Release</Filter>
    </ClCompile>
    <ClCompile Include="GUISimulationProcedureElements.cpp">
      <Filter>Source Dateien\GUI</Filter>
    </ClCompile>
    <ClCompile Include="GUIProgramTypeElement.cpp">
      <Filter>Source Dateien\GUI</Filter>
    </ClCompile>
    <ClCompile Include="GUISpinElements.cpp">
      <Filter>Source Dateien\GUI</Filter>
    </ClCompile>
    <ClCompile Include="GeneratedFiles\Debug\moc_GUISpinElements.cpp">
      <Filter>Generierte Dateien\Debug</Filter>
    </ClCompile>
    <ClCompile Include="GeneratedFiles\Release\moc_GUISpinElements.cpp">
      <Filter>Generierte Dateien\Release</Filter>
    </ClCompile>
    <ClCompile Include="GeneratedFiles\Debug\moc_SkyrmionWindow.cpp">
      <Filter>Generierte Dateien\Debug</Filter>
    </ClCompile>
    <ClCompile Include="GeneratedFiles\Release\moc_SkyrmionWindow.cpp">
      <Filter>Generierte Dateien\Release</Filter>
    </ClCompile>
    <ClCompile Include="SkyrmionWindow.cpp">
      <Filter>Source Dateien\GUI</Filter>
    </ClCompile>
    <ClCompile Include="GeneratedFiles\Debug\moc_CustomTableWidget.cpp">
      <Filter>Generierte Dateien\Debug</Filter>
    </ClCompile>
    <ClCompile Include="GeneratedFiles\Release\moc_CustomTableWidget.cpp">
      <Filter>Generierte Dateien\Release</Filter>
    </ClCompile>
    <ClCompile Include="CustomTableWidget.cpp">
      <Filter>Source Dateien\GUI</Filter>
    </ClCompile>
    <ClCompile Include="GeneratedFiles\Debug\moc_WorkfolderWindow.cpp">
      <Filter>Generierte Dateien\Debug</Filter>
    </ClCompile>
    <ClCompile Include="GeneratedFiles\Release\moc_WorkfolderWindow.cpp">
      <Filter>Generierte Dateien\Release</Filter>
    </ClCompile>
    <ClCompile Include="WorkfolderWindow.cpp">
      <Filter>Source Dateien\GUI</Filter>
    </ClCompile>
    <ClCompile Include="GeneratedFiles\Debug\moc_SpinSpiralWindow.cpp">
      <Filter>Generierte Dateien\Debug</Filter>
    </ClCompile>
    <ClCompile Include="GeneratedFiles\Release\moc_SpinSpiralWindow.cpp">
      <Filter>Generierte Dateien\Release</Filter>
    </ClCompile>
    <ClCompile Include="SpinSpiralWindow.cpp">
      <Filter>Source Dateien\GUI</Filter>
    </ClCompile>
    <ClCompile Include="GeneratedFiles\Debug\moc_FerromagnetWindow.cpp">
      <Filter>Generierte Dateien\Debug</Filter>
    </ClCompile>
    <ClCompile Include="GeneratedFiles\Release\moc_FerromagnetWindow.cpp">
      <Filter>Generierte Dateien\Release</Filter>
    </ClCompile>
    <ClCompile Include="FerromagnetWindow.cpp">
      <Filter>Source Dateien\GUI</Filter>
    </ClCompile>
    <ClCompile Include="MyHeaderView.cpp">
      <Filter>Source Dateien\GUI</Filter>
    </ClCompile>
    <ClCompile Include="GeneratedFiles\Debug\moc_MyHeaderView.cpp">
      <Filter>Generierte Dateien\Debug</Filter>
    </ClCompile>
    <ClCompile Include="GeneratedFiles\Release\moc_MyHeaderView.cpp">
      <Filter>Generierte Dateien\Release</Filter>
    </ClCompile>
    <ClCompile Include="UniaxialAnisotropyEnergy.cpp">
      <Filter>Source Dateien\MonteCrystal\Energy</Filter>
    </ClCompile>
    <ClCompile Include="HexagonalAnisotropyEnergy.cpp">
      <Filter>Source Dateien\MonteCrystal\Energy</Filter>
    </ClCompile>
    <ClCompile Include="AnisotropyWindow.cpp">
      <Filter>Source Dateien\GUI</Filter>
    </ClCompile>
    <ClCompile Include="GeneratedFiles\Debug\moc_ColorsWindow.cpp">
      <Filter>Generierte Dateien\Debug</Filter>
    </ClCompile>
    <ClCompile Include="GeneratedFiles\Release\moc_ColorsWindow.cpp">
      <Filter>Generierte Dateien\Release</Filter>
    </ClCompile>
    <ClCompile Include="ColorsWindow.cpp">
      <Filter>Source Dateien\GUI</Filter>
    </ClCompile>
    <ClCompile Include="NCMRContrast.cpp">
      <Filter>Source Dateien\MonteCrystal\Measurement</Filter>
    </ClCompile>
    <ClCompile Include="GeneratedFiles\Debug\moc_Experiment01Window.cpp">
      <Filter>Generierte Dateien\Debug</Filter>
    </ClCompile>
    <ClCompile Include="GeneratedFiles\Release\moc_Experiment01Window.cpp">
      <Filter>Generierte Dateien\Release</Filter>
    </ClCompile>
    <ClCompile Include="Experiment01Window.cpp">
      <Filter>Source Dateien\GUI</Filter>
    </ClCompile>
    <ClCompile Include="Mersenne.cpp">
      <Filter>Source Dateien\MonteCrystal\RandomGenerator</Filter>
    </ClCompile>
    <ClCompile Include="ExcitationModeSolver.cpp">
      <Filter>Source Dateien\MonteCrystal\SimulationMethods</Filter>
    </ClCompile>
    <ClCompile Include="ExcitationFrequencyWindow.cpp">
      <Filter>Source Dateien\GUI</Filter>
    </ClCompile>
    <ClCompile Include="GeneratedFiles\Debug\moc_ExcitationFrequencyWindow.cpp">
      <Filter>Generierte Dateien\Debug</Filter>
    </ClCompile>
    <ClCompile Include="GeneratedFiles\Release\moc_ExcitationFrequencyWindow.cpp">
      <Filter>Generierte Dateien\Release</Filter>
    </ClCompile>
    <ClCompile Include="GeneratedFiles\Debug\moc_ExcitationVisualization.cpp">
      <Filter>Generierte Dateien\Debug</Filter>
    </ClCompile>
    <ClCompile Include="GeneratedFiles\Release\moc_ExcitationVisualization.cpp">
      <Filter>Generierte Dateien\Release</Filter>
    </ClCompile>
    <ClCompile Include="ExcitationVisualization.cpp">
      <Filter>Source Dateien\GUI</Filter>
    </ClCompile>
    <ClCompile Include="Converger1.cpp">
      <Filter>Source Dateien\MonteCrystal\SimulationMethods</Filter>
    </ClCompile>
    <ClCompile Include="SpinMesh.cpp">
      <Filter>Source Dateien\GUI</Filter>
    </ClCompile>
    <ClCompile Include="MarkedSpinsHandler.cpp">
      <Filter>Source Dateien\GUI</Filter>
    </ClCompile>
    <ClCompile Include="GeneratedFiles\Debug\moc_MarkedSpinsRequestWindow.cpp">
      <Filter>Generierte Dateien\Debug</Filter>
    </ClCompile>
    <ClCompile Include="GeneratedFiles\Release\moc_MarkedSpinsRequestWindow.cpp">
      <Filter>Generierte Dateien\Release</Filter>
    </ClCompile>
    <ClCompile Include="GeneratedFiles\Debug\moc_MarkedSpinsHandler.cpp">
      <Filter>Generierte Dateien\Debug</Filter>
    </ClCompile>
    <ClCompile Include="GeneratedFiles\Release\moc_MarkedSpinsHandler.cpp">
      <Filter>Generierte Dateien\Release</Filter>
    </ClCompile>
    <ClCompile Include="MarkedSpinsRequestWindow.cpp">
      <Filter>Source Dateien\GUI</Filter>
    </ClCompile>
    <ClCompile Include="ExchangeInteractionDefect.cpp">
      <Filter>Source Dateien\MonteCrystal\Energy</Filter>
    </ClCompile>
    <ClCompile Include="DMInteractionDefect.cpp">
      <Filter>Source Dateien\MonteCrystal\Energy</Filter>
    </ClCompile>
    <ClCompile Include="UniaxialAnisotropyEnergyDefect.cpp">
      <Filter>Source Dateien\MonteCrystal\Energy</Filter>
    </ClCompile>
    <ClCompile Include="GeneratedFiles\Debug\moc_LatticeMaskWindow.cpp">
      <Filter>Generierte Dateien\Debug</Filter>
    </ClCompile>
    <ClCompile Include="GeneratedFiles\Release\moc_LatticeMaskWindow.cpp">
      <Filter>Generierte Dateien\Release</Filter>
    </ClCompile>
    <ClCompile Include="LatticeMaskWindow.cpp">
      <Filter>Source Dateien\GUI</Filter>
    </ClCompile>
    <ClCompile Include="Mesh.cpp">
      <Filter>Source Dateien\GUI</Filter>
    </ClCompile>
  </ItemGroup>
  <ItemGroup>
    <CustomBuild Include="anisotropy.ui">
      <Filter>Form Dateien</Filter>
    </CustomBuild>
    <CustomBuild Include="mainWindow.ui">
      <Filter>Form Dateien</Filter>
    </CustomBuild>
    <CustomBuild Include="SimulationMethod.h">
      <Filter>Header Dateien\MonteCrystal\SimulationMethods</Filter>
    </CustomBuild>
    <CustomBuild Include="SimulationProgram.h">
      <Filter>Header Dateien\MonteCrystal</Filter>
    </CustomBuild>
    <CustomBuild Include="AnisotropyWindow.h">
      <Filter>Header Dateien\GUI</Filter>
    </CustomBuild>
    <CustomBuild Include="MainWindow.h">
      <Filter>Header Dateien\GUI</Filter>
    </CustomBuild>
    <CustomBuild Include="OGLWidget.h">
      <Filter>Header Dateien\GUI</Filter>
    </CustomBuild>
    <CustomBuild Include="GUILatticeElements.h">
      <Filter>Header Dateien\GUI</Filter>
    </CustomBuild>
    <CustomBuild Include="GUIEnergyElements.h">
      <Filter>Header Dateien\GUI</Filter>
    </CustomBuild>
    <CustomBuild Include="GUISimulationProcedureElements.h">
      <Filter>Header Dateien\GUI</Filter>
    </CustomBuild>
    <CustomBuild Include="GUIOutputElements.h">
      <Filter>Header Dateien\GUI</Filter>
    </CustomBuild>
    <CustomBuild Include="GUIProgramTypeElement.h">
      <Filter>Header Dateien\GUI</Filter>
    </CustomBuild>
    <CustomBuild Include="GUISpinElements.h">
      <Filter>Header Dateien\GUI</Filter>
    </CustomBuild>
    <CustomBuild Include="skyrmion.ui">
      <Filter>Form Dateien</Filter>
    </CustomBuild>
    <CustomBuild Include="SkyrmionWindow.h">
      <Filter>Header Dateien\GUI</Filter>
    </CustomBuild>
    <CustomBuild Include="CustomTableWidget.h">
      <Filter>Header Dateien\GUI</Filter>
    </CustomBuild>
    <CustomBuild Include="workfolder.ui">
      <Filter>Form Dateien</Filter>
    </CustomBuild>
    <CustomBuild Include="WorkfolderWindow.h">
      <Filter>Header Dateien\GUI</Filter>
    </CustomBuild>
    <CustomBuild Include="spinspiral.ui">
      <Filter>Form Dateien</Filter>
    </CustomBuild>
    <CustomBuild Include="SpinSpiralWindow.h">
      <Filter>Header Dateien\GUI</Filter>
    </CustomBuild>
    <CustomBuild Include="ferromagnet.ui">
      <Filter>Form Dateien</Filter>
    </CustomBuild>
    <CustomBuild Include="FerromagnetWindow.h">
      <Filter>Header Dateien\GUI</Filter>
    </CustomBuild>
    <CustomBuild Include="MyHeaderView.h">
      <Filter>Header Dateien\GUI</Filter>
    </CustomBuild>
    <CustomBuild Include="qttest.qrc">
      <Filter>Header Dateien\MonteCrystal</Filter>
    </CustomBuild>
    <CustomBuild Include="colors.ui">
      <Filter>Form Dateien</Filter>
    </CustomBuild>
    <CustomBuild Include="ColorsWindow.h">
      <Filter>Header Dateien\GUI</Filter>
    </CustomBuild>
    <CustomBuild Include="experiment01.ui">
      <Filter>Form Dateien</Filter>
    </CustomBuild>
    <CustomBuild Include="Experiment01Window.h">
      <Filter>Header Dateien\GUI</Filter>
    </CustomBuild>
    <CustomBuild Include="excitationfrequencywindow.ui">
      <Filter>Form Dateien</Filter>
    </CustomBuild>
    <CustomBuild Include="ExcitationFrequencyWindow.h">
      <Filter>Header Dateien\GUI</Filter>
    </CustomBuild>
    <CustomBuild Include="ExcitationVisualization.h">
      <Filter>Header Dateien\GUI</Filter>
    </CustomBuild>
    <CustomBuild Include="markedspinsrequestwindow.ui">
      <Filter>Form Dateien</Filter>
    </CustomBuild>
    <CustomBuild Include="MarkedSpinsRequestWindow.h">
      <Filter>Header Dateien\GUI</Filter>
    </CustomBuild>
    <CustomBuild Include="MarkedSpinsHandler.h">
      <Filter>Header Dateien\GUI</Filter>
    </CustomBuild>
    <CustomBuild Include="latticemaskwindow.ui">
      <Filter>Form Dateien</Filter>
    </CustomBuild>
    <CustomBuild Include="LatticeMaskWindow.h">
      <Filter>Header Dateien\GUI</Filter>
    </CustomBuild>
  </ItemGroup>
  <ItemGroup>
    <ClInclude Include="typedefs.h">
      <Filter>Header Dateien</Filter>
    </ClInclude>
    <ClInclude Include="BiquadraticInteraction.h">
      <Filter>Header Dateien\MonteCrystal\Energy</Filter>
    </ClInclude>
    <ClInclude Include="DipolarInteraction.h">
      <Filter>Header Dateien\MonteCrystal\Energy</Filter>
    </ClInclude>
    <ClInclude Include="DMInteraction.h">
      <Filter>Header Dateien\MonteCrystal\Energy</Filter>
    </ClInclude>
    <ClInclude Include="Energy.h">
      <Filter>Header Dateien\MonteCrystal\Energy</Filter>
    </ClInclude>
    <ClInclude Include="ExchangeInteraction.h">
      <Filter>Header Dateien\MonteCrystal\Energy</Filter>
    </ClInclude>
    <ClInclude Include="FourSpinInteraction.h">
      <Filter>Header Dateien\MonteCrystal\Energy</Filter>
    </ClInclude>
    <ClInclude Include="Hamiltonian.h">
      <Filter>Header Dateien\MonteCrystal\Energy</Filter>
    </ClInclude>
    <ClInclude Include="ModulatedAnisotropyEnergy.h">
      <Filter>Header Dateien\MonteCrystal\Energy</Filter>
    </ClInclude>
    <ClInclude Include="ModulatedExchangeInteraction.h">
      <Filter>Header Dateien\MonteCrystal\Energy</Filter>
    </ClInclude>
    <ClInclude Include="Tip.h">
      <Filter>Header Dateien\MonteCrystal\Energy</Filter>
    </ClInclude>
    <ClInclude Include="ZeemanEnergy.h">
      <Filter>Header Dateien\MonteCrystal\Energy</Filter>
    </ClInclude>
    <ClInclude Include="AbsoluteMagnetisationObservable.h">
      <Filter>Header Dateien\MonteCrystal\Measurement</Filter>
    </ClInclude>
    <ClInclude Include="EnergyObservable.h">
      <Filter>Header Dateien\MonteCrystal\Measurement</Filter>
    </ClInclude>
    <ClInclude Include="MagnetisationObservable.h">
      <Filter>Header Dateien\MonteCrystal\Measurement</Filter>
    </ClInclude>
    <ClInclude Include="Measurement.h">
      <Filter>Header Dateien\MonteCrystal\Measurement</Filter>
    </ClInclude>
    <ClInclude Include="WindingNumber.h">
      <Filter>Header Dateien\MonteCrystal\Measurement</Filter>
    </ClInclude>
    <ClInclude Include="Metropolis.h">
      <Filter>Header Dateien\MonteCrystal\SimulationMethods</Filter>
    </ClInclude>
    <ClInclude Include="Functions.h">
      <Filter>Header Dateien\MonteCrystal\Tools</Filter>
    </ClInclude>
    <ClInclude Include="Lattice.h">
      <Filter>Header Dateien\MonteCrystal\System</Filter>
    </ClInclude>
    <ClInclude Include="SpinOrientation.h">
      <Filter>Header Dateien\MonteCrystal\System</Filter>
    </ClInclude>
    <ClInclude Include="SpinOrientationHeisenberg.h">
      <Filter>Header Dateien\MonteCrystal\System</Filter>
    </ClInclude>
    <ClInclude Include="SpinOrientationHeisenbergRestrictedCone.h">
      <Filter>Header Dateien\MonteCrystal\System</Filter>
    </ClInclude>
    <ClInclude Include="SpinOrientationIsing.h">
      <Filter>Header Dateien\MonteCrystal\System</Filter>
    </ClInclude>
    <ClInclude Include="RanGen.h">
      <Filter>Header Dateien\MonteCrystal\RandomGenerator</Filter>
    </ClInclude>
    <ClInclude Include="Configuration.h">
      <Filter>Header Dateien\MonteCrystal\Tools</Filter>
    </ClInclude>
    <ClInclude Include="MyMath.h">
      <Filter>Header Dateien\MonteCrystal\Tools</Filter>
    </ClInclude>
    <ClInclude Include="Setup.h">
      <Filter>Header Dateien\MonteCrystal\Tools</Filter>
    </ClInclude>
    <ClInclude Include="Observable.h">
      <Filter>Header Dateien\MonteCrystal\Measurement</Filter>
    </ClInclude>
    <ClInclude Include="GeneratedFiles\ui_anisotropy.h">
      <Filter>Generierte Dateien</Filter>
    </ClInclude>
    <ClInclude Include="LandauLifshitzGilbert.h">
      <Filter>Header Dateien\MonteCrystal\SimulationMethods</Filter>
    </ClInclude>
    <ClInclude Include="GeneratedFiles\ui_mainWindow.h">
      <Filter>Generierte Dateien</Filter>
    </ClInclude>
    <ClInclude Include="Shader.h">
      <Filter>Header Dateien\GUI</Filter>
    </ClInclude>
    <ClInclude Include="GeneratedFiles\ui_skyrmion.h">
      <Filter>Generierte Dateien</Filter>
    </ClInclude>
    <ClInclude Include="GeneratedFiles\ui_workfolder.h">
      <Filter>Generierte Dateien</Filter>
    </ClInclude>
    <ClInclude Include="GeneratedFiles\ui_spinspiral.h">
      <Filter>Generierte Dateien</Filter>
    </ClInclude>
    <ClInclude Include="GeneratedFiles\ui_ferromagnet.h">
      <Filter>Generierte Dateien</Filter>
    </ClInclude>
    <ClInclude Include="UniaxialAnisotropyEnergy.h">
      <Filter>Header Dateien\MonteCrystal\Energy</Filter>
    </ClInclude>
    <ClInclude Include="HexagonalAnisotropyEnergy.h">
      <Filter>Header Dateien\MonteCrystal\Energy</Filter>
    </ClInclude>
    <ClInclude Include="GeneratedFiles\ui_colors.h">
      <Filter>Generierte Dateien</Filter>
    </ClInclude>
    <ClInclude Include="NCMRContrastObservable.h">
      <Filter>Header Dateien\MonteCrystal\Measurement</Filter>
    </ClInclude>
    <ClInclude Include="GeneratedFiles\ui_experiment01.h">
      <Filter>Generierte Dateien</Filter>
    </ClInclude>
    <ClInclude Include="Mersenne.h">
      <Filter>Header Dateien\MonteCrystal\RandomGenerator</Filter>
    </ClInclude>
    <ClInclude Include="ExcitationModeSolver.h">
      <Filter>Header Dateien\MonteCrystal\SimulationMethods</Filter>
    </ClInclude>
    <ClInclude Include="GeneratedFiles\ui_excitationfrequencywindow.h">
      <Filter>Generierte Dateien</Filter>
    </ClInclude>
    <ClInclude Include="Converger1.h">
      <Filter>Header Dateien\MonteCrystal\SimulationMethods</Filter>
    </ClInclude>
    <ClInclude Include="SpinMesh.h">
      <Filter>Header Dateien\GUI</Filter>
    </ClInclude>
    <ClInclude Include="GeneratedFiles\ui_markedspinsrequestwindow.h">
      <Filter>Generierte Dateien</Filter>
    </ClInclude>
    <ClInclude Include="ExchangeInteractionDefect.h">
      <Filter>Header Dateien\MonteCrystal\Energy</Filter>
    </ClInclude>
    <ClInclude Include="DMInteractionDefect.h">
      <Filter>Header Dateien\MonteCrystal\Energy</Filter>
    </ClInclude>
    <ClInclude Include="UniaxialAnisotropyEnergyDefect.h">
      <Filter>Header Dateien\MonteCrystal\Energy</Filter>
    </ClInclude>
    <ClInclude Include="GeneratedFiles\ui_latticemaskwindow.h">
      <Filter>Generierte Dateien</Filter>
    </ClInclude>
    <ClInclude Include="Mesh.h">
      <Filter>Header Dateien\GUI</Filter>
    </ClInclude>
  </ItemGroup>
  <ItemGroup>
    <ResourceCompile Include="icon.rc" />
  </ItemGroup>
</Project>